
Microsoft Visual Studio Solution File, Format Version 12.00
# Visual Studio Version 17
VisualStudioVersion = 17.3.32929.385
MinimumVisualStudioVersion = 10.0.40219.1
Project("{FAE04EC0-301F-11D3-BF4B-00C04F79EFBC}") = "AddressBook", "AddressBook\AddressBook.csproj", "{7C6AFCD5-9BA5-4C33-997A-B3CC2F41AFC9}"
EndProject
Global
	GlobalSection(SolutionConfigurationPlatforms) = preSolution
		Debug|Any CPU = Debug|Any CPU
		Release|Any CPU = Release|Any CPU
	EndGlobalSection
	GlobalSection(ProjectConfigurationPlatforms) = postSolution
		{7C6AFCD5-9BA5-4C33-997A-B3CC2F41AFC9}.Debug|Any CPU.ActiveCfg = Debug|Any CPU
		{7C6AFCD5-9BA5-4C33-997A-B3CC2F41AFC9}.Debug|Any CPU.Build.0 = Debug|Any CPU
		{7C6AFCD5-9BA5-4C33-997A-B3CC2F41AFC9}.Release|Any CPU.ActiveCfg = Release|Any CPU
		{7C6AFCD5-9BA5-4C33-997A-B3CC2F41AFC9}.Release|Any CPU.Build.0 = Release|Any CPU
	EndGlobalSection
	GlobalSection(SolutionProperties) = preSolution
		HideSolutionNode = FALSE
	EndGlobalSection
	GlobalSection(ExtensibilityGlobals) = postSolution
		SolutionGuid = {64A60589-12AB-4C70-BF6B-F55199C65E85}
	EndGlobalSection
EndGlobal
